
Microsoft Visual Studio Solution File, Format Version 12.00
# Visual Studio Version 16
VisualStudioVersion = 16.0.30413.136
MinimumVisualStudioVersion = 10.0.40219.1
Project("{FAE04EC0-301F-11D3-BF4B-00C04F79EFBC}") = "FlightMonitor", "FlightMonitor\FlightMonitor.csproj", "{BF0010EC-4627-4812-AAE5-70970B0D5192}"
EndProject
Global
	GlobalSection(SolutionConfigurationPlatforms) = preSolution
		Debug|Any CPU = Debug|Any CPU
		Debug|x64 = Debug|x64
		Release|Any CPU = Release|Any CPU
		Release|x64 = Release|x64
	EndGlobalSection
	GlobalSection(ProjectConfigurationPlatforms) = postSolution
		{BF0010EC-4627-4812-AAE5-70970B0D5192}.Debug|Any CPU.ActiveCfg = Debug|Any CPU
		{BF0010EC-4627-4812-AAE5-70970B0D5192}.Debug|Any CPU.Build.0 = Debug|Any CPU
		{BF0010EC-4627-4812-AAE5-70970B0D5192}.Debug|x64.ActiveCfg = Debug|x64
		{BF0010EC-4627-4812-AAE5-70970B0D5192}.Debug|x64.Build.0 = Debug|x64
		{BF0010EC-4627-4812-AAE5-70970B0D5192}.Release|Any CPU.ActiveCfg = Release|Any CPU
		{BF0010EC-4627-4812-AAE5-70970B0D5192}.Release|Any CPU.Build.0 = Release|Any CPU
		{BF0010EC-4627-4812-AAE5-70970B0D5192}.Release|x64.ActiveCfg = Release|x64
		{BF0010EC-4627-4812-AAE5-70970B0D5192}.Release|x64.Build.0 = Release|x64
	EndGlobalSection
	GlobalSection(SolutionProperties) = preSolution
		HideSolutionNode = FALSE
	EndGlobalSection
	GlobalSection(ExtensibilityGlobals) = postSolution
		SolutionGuid = {189DC1CB-12C3-4051-9F54-C0B5D3EF4559}
	EndGlobalSection
EndGlobal
